
Microsoft Visual Studio Solution File, Format Version 12.00
# Visual Studio Version 16
VisualStudioVersion = 16.0.32228.343
MinimumVisualStudioVersion = 10.0.40219.1
Project("{9A19103F-16F7-4668-BE54-9A1E7A4F7556}") = "DataExchange.Events", "DataExchange.Events\DataExchange.Events.csproj", "{0F94F782-2CEE-4FEF-B66D-C7D4AB5EDF1C}"
EndProject
Project("{9A19103F-16F7-4668-BE54-9A1E7A4F7556}") = "DataExchange.API", "DataExchange.API\DataExchange.API.csproj", "{3904B96E-AEA8-4D7F-8A30-62ED6562470B}"
EndProject
Global
	GlobalSection(SolutionConfigurationPlatforms) = preSolution
		Debug|Any CPU = Debug|Any CPU
		Release|Any CPU = Release|Any CPU
	EndGlobalSection
	GlobalSection(ProjectConfigurationPlatforms) = postSolution
		{0F94F782-2CEE-4FEF-B66D-C7D4AB5EDF1C}.Debug|Any CPU.ActiveCfg = Debug|Any CPU
		{0F94F782-2CEE-4FEF-B66D-C7D4AB5EDF1C}.Debug|Any CPU.Build.0 = Debug|Any CPU
		{0F94F782-2CEE-4FEF-B66D-C7D4AB5EDF1C}.Release|Any CPU.ActiveCfg = Release|Any CPU
		{0F94F782-2CEE-4FEF-B66D-C7D4AB5EDF1C}.Release|Any CPU.Build.0 = Release|Any CPU
		{3904B96E-AEA8-4D7F-8A30-62ED6562470B}.Debug|Any CPU.ActiveCfg = Debug|Any CPU
		{3904B96E-AEA8-4D7F-8A30-62ED6562470B}.Debug|Any CPU.Build.0 = Debug|Any CPU
		{3904B96E-AEA8-4D7F-8A30-62ED6562470B}.Release|Any CPU.ActiveCfg = Release|Any CPU
		{3904B96E-AEA8-4D7F-8A30-62ED6562470B}.Release|Any CPU.Build.0 = Release|Any CPU
	EndGlobalSection
	GlobalSection(SolutionProperties) = preSolution
		HideSolutionNode = FALSE
	EndGlobalSection
	GlobalSection(ExtensibilityGlobals) = postSolution
		SolutionGuid = {76B4BB3D-8AE0-4E8A-9358-FBF365697DD1}
	EndGlobalSection
EndGlobal
